
Microsoft Visual Studio Solution File, Format Version 12.00
# Visual Studio Version 17
VisualStudioVersion = 17.2.32505.173
MinimumVisualStudioVersion = 10.0.40219.1
Project("{FAE04EC0-301F-11D3-BF4B-00C04F79EFBC}") = "Bootstrap", "Bootstrap\Bootstrap.csproj", "{11421CF4-E1A9-4E68-A937-36FFCE9BBA86}"
EndProject
Global
	GlobalSection(SolutionConfigurationPlatforms) = preSolution
		Debug|Any CPU = Debug|Any CPU
		Release|Any CPU = Release|Any CPU
	EndGlobalSection
	GlobalSection(ProjectConfigurationPlatforms) = postSolution
		{11421CF4-E1A9-4E68-A937-36FFCE9BBA86}.Debug|Any CPU.ActiveCfg = Debug|Any CPU
		{11421CF4-E1A9-4E68-A937-36FFCE9BBA86}.Debug|Any CPU.Build.0 = Debug|Any CPU
		{11421CF4-E1A9-4E68-A937-36FFCE9BBA86}.Release|Any CPU.ActiveCfg = Release|Any CPU
		{11421CF4-E1A9-4E68-A937-36FFCE9BBA86}.Release|Any CPU.Build.0 = Release|Any CPU
	EndGlobalSection
	GlobalSection(SolutionProperties) = preSolution
		HideSolutionNode = FALSE
	EndGlobalSection
	GlobalSection(ExtensibilityGlobals) = postSolution
		SolutionGuid = {4ADCCD7E-F394-4655-B643-FC7A5F77240E}
	EndGlobalSection
EndGlobal
